{
    "name": "esm-exports-no-intellisense",
    "version": "1.0.0",
    "lockfileVersion": 3,
    "requires": true,
    "packages": {
        "": {
            "name": "esm-exports-no-intellisense",
            "version": "1.0.0",
            "workspaces": [
                "packages/*"
            ]
        },
        "node_modules/@repo/one": {
            "resolved": "packages/one",
            "link": true
        },
        "node_modules/@repo/tsconfig": {
            "resolved": "packages/tsconfig",
            "link": true
        },
        "node_modules/@repo/two": {
            "resolved": "packages/two",
            "link": true
        },
        "packages/one": {
            "name": "@repo/one",
            "version": "1.0.0"
        },
        "packages/tsconfig": {
            "name": "@repo/tsconfig",
            "version": "1.0.0"
        },
        "packages/two": {
            "name": "@repo/two",
            "version": "1.0.0",
            "dependencies": {
                "@repo/one": "*"
            },
            "devDependencies": {
                "@repo/tsconfig": "*"
            }
        }
    }
}
